
Microsoft Visual Studio Solution File, Format Version 12.00
# Visual Studio Version 17
VisualStudioVersion = 17.3.32901.215
MinimumVisualStudioVersion = 10.0.40219.1
Project("{FAE04EC0-301F-11D3-BF4B-00C04F79EFBC}") = "StringCogo", "StringCogo\StringCogo.csproj", "{B793A1AB-E4FB-414C-B325-B4597AD09703}"
EndProject
Project("{FAE04EC0-301F-11D3-BF4B-00C04F79EFBC}") = "AverageCogo", "AverageCogo\AverageCogo.csproj", "{191194EA-907F-4619-AB29-BDC5336B2CF4}"
EndProject
Global
	GlobalSection(SolutionConfigurationPlatforms) = preSolution
		Debug|Any CPU = Debug|Any CPU
		Debug|x64 = Debug|x64
		Release|Any CPU = Release|Any CPU
		Release|x64 = Release|x64
	EndGlobalSection
	GlobalSection(ProjectConfigurationPlatforms) = postSolution
		{B793A1AB-E4FB-414C-B325-B4597AD09703}.Debug|Any CPU.ActiveCfg = Debug|Any CPU
		{B793A1AB-E4FB-414C-B325-B4597AD09703}.Debug|Any CPU.Build.0 = Debug|Any CPU
		{B793A1AB-E4FB-414C-B325-B4597AD09703}.Debug|x64.ActiveCfg = Debug|x64
		{B793A1AB-E4FB-414C-B325-B4597AD09703}.Debug|x64.Build.0 = Debug|x64
		{B793A1AB-E4FB-414C-B325-B4597AD09703}.Release|Any CPU.ActiveCfg = Release|Any CPU
		{B793A1AB-E4FB-414C-B325-B4597AD09703}.Release|Any CPU.Build.0 = Release|Any CPU
		{B793A1AB-E4FB-414C-B325-B4597AD09703}.Release|x64.ActiveCfg = Release|x64
		{B793A1AB-E4FB-414C-B325-B4597AD09703}.Release|x64.Build.0 = Release|x64
		{191194EA-907F-4619-AB29-BDC5336B2CF4}.Debug|Any CPU.ActiveCfg = Debug|Any CPU
		{191194EA-907F-4619-AB29-BDC5336B2CF4}.Debug|Any CPU.Build.0 = Debug|Any CPU
		{191194EA-907F-4619-AB29-BDC5336B2CF4}.Debug|x64.ActiveCfg = Debug|x64
		{191194EA-907F-4619-AB29-BDC5336B2CF4}.Debug|x64.Build.0 = Debug|x64
		{191194EA-907F-4619-AB29-BDC5336B2CF4}.Release|Any CPU.ActiveCfg = Release|Any CPU
		{191194EA-907F-4619-AB29-BDC5336B2CF4}.Release|Any CPU.Build.0 = Release|Any CPU
		{191194EA-907F-4619-AB29-BDC5336B2CF4}.Release|x64.ActiveCfg = Release|x64
		{191194EA-907F-4619-AB29-BDC5336B2CF4}.Release|x64.Build.0 = Release|x64
	EndGlobalSection
	GlobalSection(SolutionProperties) = preSolution
		HideSolutionNode = FALSE
	EndGlobalSection
	GlobalSection(ExtensibilityGlobals) = postSolution
		SolutionGuid = {C65EEDED-3D95-40D2-A59A-D0C13815FFA0}
	EndGlobalSection
EndGlobal
